
Microsoft Visual Studio Solution File, Format Version 12.00
# Visual Studio Version 16
VisualStudioVersion = 16.0.32602.291
MinimumVisualStudioVersion = 10.0.40219.1
Project("{FAE04EC0-301F-11D3-BF4B-00C04F79EFBC}") = "BankAccount", "ConsoleApp1\BankAccount.csproj", "{AF2B2101-DAA6-40CC-8171-8BB8CF291023}"
EndProject
Project("{FAE04EC0-301F-11D3-BF4B-00C04F79EFBC}") = "BankingSystem.Tests", "BankingSystem.Tests\BankingSystem.Tests.csproj", "{4A5DC5C3-8D25-414D-8CA0-EB2DEBB957E7}"
EndProject
Global
	GlobalSection(SolutionConfigurationPlatforms) = preSolution
		Debug|Any CPU = Debug|Any CPU
		Release|Any CPU = Release|Any CPU
	EndGlobalSection
	GlobalSection(ProjectConfigurationPlatforms) = postSolution
		{AF2B2101-DAA6-40CC-8171-8BB8CF291023}.Debug|Any CPU.ActiveCfg = Debug|Any CPU
		{AF2B2101-DAA6-40CC-8171-8BB8CF291023}.Debug|Any CPU.Build.0 = Debug|Any CPU
		{AF2B2101-DAA6-40CC-8171-8BB8CF291023}.Release|Any CPU.ActiveCfg = Release|Any CPU
		{AF2B2101-DAA6-40CC-8171-8BB8CF291023}.Release|Any CPU.Build.0 = Release|Any CPU
		{4A5DC5C3-8D25-414D-8CA0-EB2DEBB957E7}.Debug|Any CPU.ActiveCfg = Debug|Any CPU
		{4A5DC5C3-8D25-414D-8CA0-EB2DEBB957E7}.Debug|Any CPU.Build.0 = Debug|Any CPU
		{4A5DC5C3-8D25-414D-8CA0-EB2DEBB957E7}.Release|Any CPU.ActiveCfg = Release|Any CPU
		{4A5DC5C3-8D25-414D-8CA0-EB2DEBB957E7}.Release|Any CPU.Build.0 = Release|Any CPU
	EndGlobalSection
	GlobalSection(SolutionProperties) = preSolution
		HideSolutionNode = FALSE
	EndGlobalSection
	GlobalSection(ExtensibilityGlobals) = postSolution
		SolutionGuid = {F62A742E-A131-497C-9C1F-B0E6AFB19E5E}
	EndGlobalSection
EndGlobal
